
Microsoft Visual Studio Solution File, Format Version 12.00
# Visual Studio Version 17
VisualStudioVersion = 17.4.33213.308
MinimumVisualStudioVersion = 10.0.40219.1
Project("{FAE04EC0-301F-11D3-BF4B-00C04F79EFBC}") = "WorkAndTaskTypesInGantt.Server", "Server\WorkAndTaskTypesInGantt.Server.csproj", "{A38C0CBB-EDD4-4849-B6C0-FDCD177B2634}"
EndProject
Project("{FAE04EC0-301F-11D3-BF4B-00C04F79EFBC}") = "WorkAndTaskTypesInGantt.Client", "Client\WorkAndTaskTypesInGantt.Client.csproj", "{AFC7649E-C820-4646-BECE-2F386C7A2E1A}"
EndProject
Project("{FAE04EC0-301F-11D3-BF4B-00C04F79EFBC}") = "WorkAndTaskTypesInGantt.Shared", "Shared\WorkAndTaskTypesInGantt.Shared.csproj", "{2042DF39-F092-4848-84E0-9BB4EC6307D6}"
EndProject
Global
	GlobalSection(SolutionConfigurationPlatforms) = preSolution
		Debug|Any CPU = Debug|Any CPU
		Release|Any CPU = Release|Any CPU
	EndGlobalSection
	GlobalSection(ProjectConfigurationPlatforms) = postSolution
		{A38C0CBB-EDD4-4849-B6C0-FDCD177B2634}.Debug|Any CPU.ActiveCfg = Debug|Any CPU
		{A38C0CBB-EDD4-4849-B6C0-FDCD177B2634}.Debug|Any CPU.Build.0 = Debug|Any CPU
		{A38C0CBB-EDD4-4849-B6C0-FDCD177B2634}.Release|Any CPU.ActiveCfg = Release|Any CPU
		{A38C0CBB-EDD4-4849-B6C0-FDCD177B2634}.Release|Any CPU.Build.0 = Release|Any CPU
		{AFC7649E-C820-4646-BECE-2F386C7A2E1A}.Debug|Any CPU.ActiveCfg = Debug|Any CPU
		{AFC7649E-C820-4646-BECE-2F386C7A2E1A}.Debug|Any CPU.Build.0 = Debug|Any CPU
		{AFC7649E-C820-4646-BECE-2F386C7A2E1A}.Release|Any CPU.ActiveCfg = Release|Any CPU
		{AFC7649E-C820-4646-BECE-2F386C7A2E1A}.Release|Any CPU.Build.0 = Release|Any CPU
		{2042DF39-F092-4848-84E0-9BB4EC6307D6}.Debug|Any CPU.ActiveCfg = Debug|Any CPU
		{2042DF39-F092-4848-84E0-9BB4EC6307D6}.Debug|Any CPU.Build.0 = Debug|Any CPU
		{2042DF39-F092-4848-84E0-9BB4EC6307D6}.Release|Any CPU.ActiveCfg = Release|Any CPU
		{2042DF39-F092-4848-84E0-9BB4EC6307D6}.Release|Any CPU.Build.0 = Release|Any CPU
	EndGlobalSection
	GlobalSection(SolutionProperties) = preSolution
		HideSolutionNode = FALSE
	EndGlobalSection
	GlobalSection(ExtensibilityGlobals) = postSolution
		SolutionGuid = {ABDFC181-8D57-4ACB-9C8C-60E563CCFC5C}
	EndGlobalSection
EndGlobal
